
Microsoft Visual Studio Solution File, Format Version 11.00
# Visual Studio 2010
Project("{FAE04EC0-301F-11D3-BF4B-00C04F79EFBC}") = "Assembly-CSharp", "Assembly-CSharp.csproj", "{4d2deb51-2618-c29f-7bcc-ea73f7b8e586}"
EndProject
Project("{FAE04EC0-301F-11D3-BF4B-00C04F79EFBC}") = "Assembly-CSharp-Editor", "Assembly-CSharp-Editor.csproj", "{9613a89b-9ae5-7bc1-dbe8-860cb85ae88d}"
EndProject
Project("{FAE04EC0-301F-11D3-BF4B-00C04F79EFBC}") = "Assembly-CSharp-firstpass", "Assembly-CSharp-firstpass.csproj", "{0261c239-f33e-e8b2-6bfb-f2d45cc0146f}"
EndProject
Global
	GlobalSection(SolutionConfigurationPlatforms) = preSolution
		Debug|Any CPU = Debug|Any CPU
	EndGlobalSection
	GlobalSection(ProjectConfigurationPlatforms) = postSolution
		{4d2deb51-2618-c29f-7bcc-ea73f7b8e586}.Debug|Any CPU.ActiveCfg = Debug|Any CPU
		{4d2deb51-2618-c29f-7bcc-ea73f7b8e586}.Debug|Any CPU.Build.0 = Debug|Any CPU
		{9613a89b-9ae5-7bc1-dbe8-860cb85ae88d}.Debug|Any CPU.ActiveCfg = Debug|Any CPU
		{9613a89b-9ae5-7bc1-dbe8-860cb85ae88d}.Debug|Any CPU.Build.0 = Debug|Any CPU
		{0261c239-f33e-e8b2-6bfb-f2d45cc0146f}.Debug|Any CPU.ActiveCfg = Debug|Any CPU
		{0261c239-f33e-e8b2-6bfb-f2d45cc0146f}.Debug|Any CPU.Build.0 = Debug|Any CPU
	EndGlobalSection
	GlobalSection(SolutionProperties) = preSolution
		HideSolutionNode = FALSE
	EndGlobalSection
EndGlobal
