
Microsoft Visual Studio Solution File, Format Version 12.00
# Visual Studio 15
Project("{FAE04EC0-301F-11D3-BF4B-00C04F79EFBC}") = "Assembly-CSharp", "Assembly-CSharp.csproj", "{13A63AA3-A83C-080B-0879-407F032D9155}"
EndProject
Project("{FAE04EC0-301F-11D3-BF4B-00C04F79EFBC}") = "Assembly-CSharp-Editor", "Assembly-CSharp-Editor.csproj", "{858B4CAC-9232-C15F-264E-015A19F5E103}"
EndProject
Global
	GlobalSection(SolutionConfigurationPlatforms) = preSolution
		Debug|Any CPU = Debug|Any CPU
		Release|Any CPU = Release|Any CPU
	EndGlobalSection
	GlobalSection(ProjectConfigurationPlatforms) = postSolution
		{13A63AA3-A83C-080B-0879-407F032D9155}.Debug|Any CPU.ActiveCfg = Debug|Any CPU
		{13A63AA3-A83C-080B-0879-407F032D9155}.Debug|Any CPU.Build.0 = Debug|Any CPU
		{13A63AA3-A83C-080B-0879-407F032D9155}.Release|Any CPU.ActiveCfg = Release|Any CPU
		{13A63AA3-A83C-080B-0879-407F032D9155}.Release|Any CPU.Build.0 = Release|Any CPU
		{858B4CAC-9232-C15F-264E-015A19F5E103}.Debug|Any CPU.ActiveCfg = Debug|Any CPU
		{858B4CAC-9232-C15F-264E-015A19F5E103}.Debug|Any CPU.Build.0 = Debug|Any CPU
		{858B4CAC-9232-C15F-264E-015A19F5E103}.Release|Any CPU.ActiveCfg = Release|Any CPU
		{858B4CAC-9232-C15F-264E-015A19F5E103}.Release|Any CPU.Build.0 = Release|Any CPU
	EndGlobalSection
	GlobalSection(SolutionProperties) = preSolution
		HideSolutionNode = FALSE
	EndGlobalSection
EndGlobal
